{
  "name": "csv-parsing",
  "version": "0.1.0",
  "lockfileVersion": 1,
  "requires": true,
  "dependencies": {
    "bluebird": {
      "version": "3.5.1",
      "resolved": "https://registry.npmjs.org/bluebird/-/bluebird-3.5.1.tgz",
      "integrity": "sha1-2VUfnemPH82h5oPRfukaBgLuLrk="
    },
    "boom": {
      "version": "7.2.0",
      "resolved": "https://registry.npmjs.org/boom/-/boom-7.2.0.tgz",
      "integrity": "sha1-K/8kpVVldn/ehp7ICDF+sQxI6WY=",
      "requires": {
        "hoek": "5.0.3"
      }
    },
    "csv": {
      "version": "2.0.0",
      "resolved": "https://registry.npmjs.org/csv/-/csv-2.0.0.tgz",
      "integrity": "sha1-DVHY+j7OJ4tUCfeVcX/PzVrOmz4=",
      "requires": {
        "csv-generate": "2.1.0",
        "csv-parse": "2.5.0",
        "csv-stringify": "2.1.0",
        "stream-transform": "1.0.2"
      }
    },
    "csv-generate": {
      "version": "2.1.0",
      "resolved": "https://registry.npmjs.org/csv-generate/-/csv-generate-2.1.0.tgz",
      "integrity": "sha1-ukvqSqBoWOrnj+FqQD7yDnzeY3Q="
    },
    "csv-parse": {
      "version": "2.5.0",
      "resolved": "https://registry.npmjs.org/csv-parse/-/csv-parse-2.5.0.tgz",
      "integrity": "sha1-ZXSJl+zDcZxZRiLbG56g4ut9Vrs="
    },
    "csv-stringify": {
      "version": "2.1.0",
      "resolved": "https://registry.npmjs.org/csv-stringify/-/csv-stringify-2.1.0.tgz",
      "integrity": "sha1-sUREWipeF8wc9mgoL85CFILCMnI=",
      "requires": {
        "lodash.get": "4.4.2"
      }
    },
    "fs": {
      "version": "0.0.1-security",
      "resolved": "https://registry.npmjs.org/fs/-/fs-0.0.1-security.tgz",
      "integrity": "sha1-invTcYa23d84E/I4WLV+yq9eQdQ="
    },
    "hoek": {
      "version": "5.0.3",
      "resolved": "https://registry.npmjs.org/hoek/-/hoek-5.0.3.tgz",
      "integrity": "sha1-tx1A2UPQqV2gGVa1R/g8SltKNKw="
    },
    "lodash.get": {
      "version": "4.4.2",
      "resolved": "https://registry.npmjs.org/lodash.get/-/lodash.get-4.4.2.tgz",
      "integrity": "sha1-LRd/ZS+jHpObRDjVNBSZ36OCXpk="
    },
    "node": {
      "version": "8.11.1",
      "resolved": "https://registry.npmjs.org/node/-/node-8.11.1.tgz",
      "integrity": "sha512-nI4XYn3akdVeoYaxfHR98dbWpwBOWTf5NXEoyZ7nIErl5aIFGowvaW/vTo90dwSxrVzAYGp824n2xRxc33lkEw==",
      "requires": {
        "node-bin-setup": "1.0.6"
      },
      "dependencies": {
        "node-win-x64": {
          "version": "8.11.1",
          "resolved": "https://registry.npmjs.org/node-win-x64/-/node-win-x64-8.11.1.tgz",
          "integrity": "sha512-4Q4yVzcVhGx4sPGAVGocY7ISxfod7d+MWJMt8ZgsS8lrqBl+u+8BWFg4mdFjysQ0G1w+eVamHJVFJDRSODTa4A=="
        }
      }
    },
    "node-bin-setup": {
      "version": "1.0.6",
      "resolved": "https://registry.npmjs.org/node-bin-setup/-/node-bin-setup-1.0.6.tgz",
      "integrity": "sha512-uPIxXNis1CRbv1DwqAxkgBk5NFV3s7cMN/Gf556jSw6jBvV7ca4F9lRL/8cALcZecRibeqU+5dFYqFFmzv5a0Q=="
    },
    "stream-transform": {
      "version": "1.0.2",
      "resolved": "https://registry.npmjs.org/stream-transform/-/stream-transform-1.0.2.tgz",
      "integrity": "sha1-R95NFfvCm34qflTSXplTiHbxFME="
    },
    "wreck": {
      "version": "14.0.2",
      "resolved": "https://registry.npmjs.org/wreck/-/wreck-14.0.2.tgz",
      "integrity": "sha1-icF6kGHHRe0cOuvLZuoYHbqrRUw=",
      "requires": {
        "boom": "7.2.0",
        "hoek": "5.0.3"
      }
    }
  }
}
