{
  "name": "github-scripting",
  "version": "1.0.0",
  "lockfileVersion": 1,
  "requires": true,
  "dependencies": {
    "@hapi/boom": {
      "version": "8.0.1",
      "resolved": "https://registry.npmjs.org/@hapi/boom/-/boom-8.0.1.tgz",
      "integrity": "sha512-SnBM2GzEYEA6AGFKXBqNLWXR3uNBui0bkmklYXX1gYtevVhDTy2uakwkSauxvIWMtlANGRhzChYg95If3FWCwA==",
      "requires": {
        "@hapi/hoek": "8.x.x"
      }
    },
    "@hapi/bourne": {
      "version": "1.3.2",
      "resolved": "https://registry.npmjs.org/@hapi/bourne/-/bourne-1.3.2.tgz",
      "integrity": "sha512-1dVNHT76Uu5N3eJNTYcvxee+jzX4Z9lfciqRRHCU27ihbUcYi+iSc2iml5Ke1LXe1SyJCLA0+14Jh4tXJgOppA=="
    },
    "@hapi/hoek": {
      "version": "8.5.0",
      "resolved": "https://registry.npmjs.org/@hapi/hoek/-/hoek-8.5.0.tgz",
      "integrity": "sha512-7XYT10CZfPsH7j9F1Jmg1+d0ezOux2oM2GfArAzLwWe4mE2Dr3hVjsAL6+TFY49RRJlCdJDMw3nJsLFroTc8Kw=="
    },
    "@hapi/wreck": {
      "version": "16.0.1",
      "resolved": "https://registry.npmjs.org/@hapi/wreck/-/wreck-16.0.1.tgz",
      "integrity": "sha512-fL6IwZ5nk1jBMLBPugt72u23rw8KnnyupLor7TZihgvAXTulxJprUe9YiCLuGbKsEBh2qDo31ixvLCSaxC2+xQ==",
      "requires": {
        "@hapi/boom": "8.x.x",
        "@hapi/bourne": "1.x.x",
        "@hapi/hoek": "8.x.x"
      }
    }
  }
}
